
Microsoft Visual Studio Solution File, Format Version 12.00
# Visual Studio 15
VisualStudioVersion = 15.0.28307.645
MinimumVisualStudioVersion = 10.0.40219.1
Project("{FAE04EC0-301F-11D3-BF4B-00C04F79EFBC}") = "InfoWorksAutomationFramework", "InfoWorksAutomationFramework\InfoWorksAutomationFramework.csproj", "{BD4BD9FA-1F8B-45C5-AD2A-A1735D227762}"
EndProject
Global
	GlobalSection(SolutionConfigurationPlatforms) = preSolution
		Debug|Any CPU = Debug|Any CPU
		Release|Any CPU = Release|Any CPU
	EndGlobalSection
	GlobalSection(ProjectConfigurationPlatforms) = postSolution
		{BD4BD9FA-1F8B-45C5-AD2A-A1735D227762}.Debug|Any CPU.ActiveCfg = Debug|Any CPU
		{BD4BD9FA-1F8B-45C5-AD2A-A1735D227762}.Debug|Any CPU.Build.0 = Debug|Any CPU
		{BD4BD9FA-1F8B-45C5-AD2A-A1735D227762}.Release|Any CPU.ActiveCfg = Release|Any CPU
		{BD4BD9FA-1F8B-45C5-AD2A-A1735D227762}.Release|Any CPU.Build.0 = Release|Any CPU
	EndGlobalSection
	GlobalSection(SolutionProperties) = preSolution
		HideSolutionNode = FALSE
	EndGlobalSection
	GlobalSection(ExtensibilityGlobals) = postSolution
		SolutionGuid = {54186390-EBBE-44A2-841C-50F88C0C85AC}
	EndGlobalSection
EndGlobal
